
Microsoft Visual Studio Solution File, Format Version 12.00
# Visual Studio Version 17
VisualStudioVersion = 17.3.32922.545
MinimumVisualStudioVersion = 10.0.40219.1
Project("{FAE04EC0-301F-11D3-BF4B-00C04F79EFBC}") = "Assessment2", "Assessment2\Assessment2.csproj", "{17480878-5A65-4D26-B32E-00210DA89E1C}"
EndProject
Global
	GlobalSection(SolutionConfigurationPlatforms) = preSolution
		Debug|Any CPU = Debug|Any CPU
		Release|Any CPU = Release|Any CPU
	EndGlobalSection
	GlobalSection(ProjectConfigurationPlatforms) = postSolution
		{17480878-5A65-4D26-B32E-00210DA89E1C}.Debug|Any CPU.ActiveCfg = Debug|Any CPU
		{17480878-5A65-4D26-B32E-00210DA89E1C}.Debug|Any CPU.Build.0 = Debug|Any CPU
		{17480878-5A65-4D26-B32E-00210DA89E1C}.Release|Any CPU.ActiveCfg = Release|Any CPU
		{17480878-5A65-4D26-B32E-00210DA89E1C}.Release|Any CPU.Build.0 = Release|Any CPU
	EndGlobalSection
	GlobalSection(SolutionProperties) = preSolution
		HideSolutionNode = FALSE
	EndGlobalSection
	GlobalSection(ExtensibilityGlobals) = postSolution
		SolutionGuid = {8567D10A-4333-46FA-8A1A-6A67976D817F}
	EndGlobalSection
EndGlobal
